
Microsoft Visual Studio Solution File, Format Version 12.00
# Visual Studio Version 17
VisualStudioVersion = 17.7.34031.279
MinimumVisualStudioVersion = 10.0.40219.1
Project("{FAE04EC0-301F-11D3-BF4B-00C04F79EFBC}") = "Exception", "Exception\Exception.csproj", "{8D6BF1BD-7A2D-4BDA-AAE3-3FF1145E303F}"
EndProject
Project("{FAE04EC0-301F-11D3-BF4B-00C04F79EFBC}") = "Exception.Domain", "Exception.Domain\Exception.Domain.csproj", "{5538D70D-0F62-4A2D-BF22-5D6FEF3B65E1}"
EndProject
Project("{FAE04EC0-301F-11D3-BF4B-00C04F79EFBC}") = "Exception.Helper", "Exception.Helper\Exception.Helper.csproj", "{CBE74372-A57A-42EB-A0F5-B6B568EB565D}"
EndProject
Global
	GlobalSection(SolutionConfigurationPlatforms) = preSolution
		Debug|Any CPU = Debug|Any CPU
		Release|Any CPU = Release|Any CPU
	EndGlobalSection
	GlobalSection(ProjectConfigurationPlatforms) = postSolution
		{8D6BF1BD-7A2D-4BDA-AAE3-3FF1145E303F}.Debug|Any CPU.ActiveCfg = Debug|Any CPU
		{8D6BF1BD-7A2D-4BDA-AAE3-3FF1145E303F}.Debug|Any CPU.Build.0 = Debug|Any CPU
		{8D6BF1BD-7A2D-4BDA-AAE3-3FF1145E303F}.Release|Any CPU.ActiveCfg = Release|Any CPU
		{8D6BF1BD-7A2D-4BDA-AAE3-3FF1145E303F}.Release|Any CPU.Build.0 = Release|Any CPU
		{5538D70D-0F62-4A2D-BF22-5D6FEF3B65E1}.Debug|Any CPU.ActiveCfg = Debug|Any CPU
		{5538D70D-0F62-4A2D-BF22-5D6FEF3B65E1}.Debug|Any CPU.Build.0 = Debug|Any CPU
		{5538D70D-0F62-4A2D-BF22-5D6FEF3B65E1}.Release|Any CPU.ActiveCfg = Release|Any CPU
		{5538D70D-0F62-4A2D-BF22-5D6FEF3B65E1}.Release|Any CPU.Build.0 = Release|Any CPU
		{CBE74372-A57A-42EB-A0F5-B6B568EB565D}.Debug|Any CPU.ActiveCfg = Debug|Any CPU
		{CBE74372-A57A-42EB-A0F5-B6B568EB565D}.Debug|Any CPU.Build.0 = Debug|Any CPU
		{CBE74372-A57A-42EB-A0F5-B6B568EB565D}.Release|Any CPU.ActiveCfg = Release|Any CPU
		{CBE74372-A57A-42EB-A0F5-B6B568EB565D}.Release|Any CPU.Build.0 = Release|Any CPU
	EndGlobalSection
	GlobalSection(SolutionProperties) = preSolution
		HideSolutionNode = FALSE
	EndGlobalSection
	GlobalSection(ExtensibilityGlobals) = postSolution
		SolutionGuid = {CB7A23EB-1BC8-49D0-8931-822FF1ACFEA3}
	EndGlobalSection
EndGlobal
